
Microsoft Visual Studio Solution File, Format Version 12.00
# Visual Studio Version 17
VisualStudioVersion = 17.7.34031.279
MinimumVisualStudioVersion = 10.0.40219.1
Project("{54A90642-561A-4BB1-A94E-469ADEE60C69}") = "vueapp", "vueapp\vueapp.esproj", "{0F445670-37FD-4D8A-9835-A7CAD0A12137}"
EndProject
Project("{9A19103F-16F7-4668-BE54-9A1E7A4F7556}") = "webapi", "webapi\webapi.csproj", "{A5C9CA6A-EB10-4300-89EB-26D58D0F2E40}"
EndProject
Project("{9A19103F-16F7-4668-BE54-9A1E7A4F7556}") = "ApiUnitTests", "ApiUnitTests\ApiUnitTests.csproj", "{D52A8624-1AEB-4E39-9482-B0C9E54A56F2}"
EndProject
Project("{2150E333-8FDC-42A3-9474-1A3956D46DE8}") = "Documentation", "Documentation", "{34DC3A22-CF73-4532-8624-73EFD6649ED5}"
	ProjectSection(SolutionItems) = preProject
		..\..\..\Desktop\Database diagram.png = ..\..\..\Desktop\Database diagram.png
		README.md = README.md
	EndProjectSection
EndProject
Global
	GlobalSection(SolutionConfigurationPlatforms) = preSolution
		Debug|Any CPU = Debug|Any CPU
		Release|Any CPU = Release|Any CPU
	EndGlobalSection
	GlobalSection(ProjectConfigurationPlatforms) = postSolution
		{0F445670-37FD-4D8A-9835-A7CAD0A12137}.Debug|Any CPU.ActiveCfg = Debug|Any CPU
		{0F445670-37FD-4D8A-9835-A7CAD0A12137}.Debug|Any CPU.Build.0 = Debug|Any CPU
		{0F445670-37FD-4D8A-9835-A7CAD0A12137}.Debug|Any CPU.Deploy.0 = Debug|Any CPU
		{0F445670-37FD-4D8A-9835-A7CAD0A12137}.Release|Any CPU.ActiveCfg = Release|Any CPU
		{0F445670-37FD-4D8A-9835-A7CAD0A12137}.Release|Any CPU.Build.0 = Release|Any CPU
		{0F445670-37FD-4D8A-9835-A7CAD0A12137}.Release|Any CPU.Deploy.0 = Release|Any CPU
		{A5C9CA6A-EB10-4300-89EB-26D58D0F2E40}.Debug|Any CPU.ActiveCfg = Debug|Any CPU
		{A5C9CA6A-EB10-4300-89EB-26D58D0F2E40}.Debug|Any CPU.Build.0 = Debug|Any CPU
		{A5C9CA6A-EB10-4300-89EB-26D58D0F2E40}.Release|Any CPU.ActiveCfg = Release|Any CPU
		{A5C9CA6A-EB10-4300-89EB-26D58D0F2E40}.Release|Any CPU.Build.0 = Release|Any CPU
		{D52A8624-1AEB-4E39-9482-B0C9E54A56F2}.Debug|Any CPU.ActiveCfg = Debug|Any CPU
		{D52A8624-1AEB-4E39-9482-B0C9E54A56F2}.Debug|Any CPU.Build.0 = Debug|Any CPU
		{D52A8624-1AEB-4E39-9482-B0C9E54A56F2}.Release|Any CPU.ActiveCfg = Release|Any CPU
		{D52A8624-1AEB-4E39-9482-B0C9E54A56F2}.Release|Any CPU.Build.0 = Release|Any CPU
	EndGlobalSection
	GlobalSection(SolutionProperties) = preSolution
		HideSolutionNode = FALSE
	EndGlobalSection
	GlobalSection(ExtensibilityGlobals) = postSolution
		SolutionGuid = {BBC75159-FE5A-4275-8C1F-BF6497C00B6E}
	EndGlobalSection
EndGlobal
